// !$*UTF8*$!
{
	archiveVersion = 1;
	classes = {
	};
	objectVersion = 46;
	objects = {

/* Begin PBXBuildFile section */
		EDF050D81CC8286900D9EC55 /* AppDelegate.swift in Sources */ = {isa = PBXBuildFile; fileRef = EDF050D71CC8286900D9EC55 /* AppDelegate.swift */; };
		EDF050DA1CC8286900D9EC55 /* ViewController.swift in Sources */ = {isa = PBXBuildFile; fileRef = EDF050D91CC8286900D9EC55 /* ViewController.swift */; };
		EDF050DD1CC8286900D9EC55 /* Main.storyboard in Resources */ = {isa = PBXBuildFile; fileRef = EDF050DB1CC8286900D9EC55 /* Main.storyboard */; };
		EDF050DF1CC8286900D9EC55 /* Assets.xcassets in Resources */ = {isa = PBXBuildFile; fileRef = EDF050DE1CC8286900D9EC55 /* Assets.xcassets */; };
		EDF050E21CC8286900D9EC55 /* LaunchScreen.storyboard in Resources */ = {isa = PBXBuildFile; fileRef = EDF050E01CC8286900D9EC55 /* LaunchScreen.storyboard */; };
		EDF050ED1CC8286900D9EC55 /* MaskImageTests.swift in Sources */ = {isa = PBXBuildFile; fileRef = EDF050EC1CC8286900D9EC55 /* MaskImageTests.swift */; };
		EDF050F81CC8286900D9EC55 /* MaskImageUITests.swift in Sources */ = {isa = PBXBuildFile; fileRef = EDF050F71CC8286900D9EC55 /* MaskImageUITests.swift */; };
/* End PBXBuildFile section */

/* Begin PBXContainerItemProxy section */
		EDF050E91CC8286900D9EC55 /* PBXContainerItemProxy */ = {
			isa = PBXContainerItemProxy;
			containerPortal = EDF050CC1CC8286800D9EC55 /* Project object */;
			proxyType = 1;
			remoteGlobalIDString = EDF050D31CC8286800D9EC55;
			remoteInfo = MaskImage;
		};
		EDF050F41CC8286900D9EC55 /* PBXContainerItemProxy */ = {
			isa = PBXContainerItemProxy;
			containerPortal = EDF050CC1CC8286800D9EC55 /* Project object */;
			proxyType = 1;
			remoteGlobalIDString = EDF050D31CC8286800D9EC55;
			remoteInfo = MaskImage;
		};
/* End PBXContainerItemProxy section */

/* Begin PBXFileReference section */
		EDF050D41CC8286800D9EC55 /* MaskImage.app */ = {isa = PBXFileReference; explicitFileType = wrapper.application; includeInIndex = 0; path = MaskImage.app; sourceTree = BUILT_PRODUCTS_DIR; };
		EDF050D71CC8286900D9EC55 /* AppDelegate.swift */ = {isa = PBXFileReference; lastKnownFileType = sourcecode.swift; path = AppDelegate.swift; sourceTree = "<group>"; };
		EDF050D91CC8286900D9EC55 /* ViewController.swift */ = {isa = PBXFileReference; lastKnownFileType = sourcecode.swift; path = ViewController.swift; sourceTree = "<group>"; };
		EDF050DC1CC8286900D9EC55 /* Base */ = {isa = PBXFileReference; lastKnownFileType = file.storyboard; name = Base; path = Base.lproj/Main.storyboard; sourceTree = "<group>"; };
		EDF050DE1CC8286900D9EC55 /* Assets.xcassets */ = {isa = PBXFileReference; lastKnownFileType = folder.assetcatalog; path = Assets.xcassets; sourceTree = "<group>"; };
		EDF050E11CC8286900D9EC55 /* Base */ = {isa = PBXFileReference; lastKnownFileType = file.storyboard; name = Base; path = Base.lproj/LaunchScreen.storyboard; sourceTree = "<group>"; };
		EDF050E31CC8286900D9EC55 /* Info.plist */ = {isa = PBXFileReference; lastKnownFileType = text.plist.xml; path = Info.plist; sourceTree = "<group>"; };
		EDF050E81CC8286900D9EC55 /* MaskImageTests.xctest */ = {isa = PBXFileReference; explicitFileType = wrapper.cfbundle; includeInIndex = 0; path = MaskImageTests.xctest; sourceTree = BUILT_PRODUCTS_DIR; };
		EDF050EC1CC8286900D9EC55 /* MaskImageTests.swift */ = {isa = PBXFileReference; lastKnownFileType = sourcecode.swift; path = MaskImageTests.swift; sourceTree = "<group>"; };
		EDF050EE1CC8286900D9EC55 /* Info.plist */ = {isa = PBXFileReference; lastKnownFileType = text.plist.xml; path = Info.plist; sourceTree = "<group>"; };
		EDF050F31CC8286900D9EC55 /* MaskImageUITests.xctest */ = {isa = PBXFileReference; explicitFileType = wrapper.cfbundle; includeInIndex = 0; path = MaskImageUITests.xctest; sourceTree = BUILT_PRODUCTS_DIR; };
		EDF050F71CC8286900D9EC55 /* MaskImageUITests.swift */ = {isa = PBXFileReference; lastKnownFileType = sourcecode.swift; path = MaskImageUITests.swift; sourceTree = "<group>"; };
		EDF050F91CC8286900D9EC55 /* Info.plist */ = {isa = PBXFileReference; lastKnownFileType = text.plist.xml; path = Info.plist; sourceTree = "<group>"; };
/* End PBXFileReference section */

/* Begin PBXFrameworksBuildPhase section */
		EDF050D11CC8286800D9EC55 /* Frameworks */ = {
			isa = PBXFrameworksBuildPhase;
			buildActionMask = 2147483647;
			files = (
			);
			runOnlyForDeploymentPostprocessing = 0;
		};
		EDF050E51CC8286900D9EC55 /* Frameworks */ = {
			isa = PBXFrameworksBuildPhase;
			buildActionMask = 2147483647;
			files = (
			);
			runOnlyForDeploymentPostprocessing = 0;
		};
		EDF050F01CC8286900D9EC55 /* Frameworks */ = {
			isa = PBXFrameworksBuildPhase;
			buildActionMask = 2147483647;
			files = (
			);
			runOnlyForDeploymentPostprocessing = 0;
		};
/* End PBXFrameworksBuildPhase section */

/* Begin PBXGroup section */
		EDF050CB1CC8286800D9EC55 = {
			isa = PBXGroup;
			children = (
				EDF050D61CC8286900D9EC55 /* MaskImage */,
				EDF050EB1CC8286900D9EC55 /* MaskImageTests */,
				EDF050F61CC8286900D9EC55 /* MaskImageUITests */,
				EDF050D51CC8286800D9EC55 /* Products */,
			);
			sourceTree = "<group>";
		};
		EDF050D51CC8286800D9EC55 /* Products */ = {
			isa = PBXGroup;
			children = (
				EDF050D41CC8286800D9EC55 /* MaskImage.app */,
				EDF050E81CC8286900D9EC55 /* MaskImageTests.xctest */,
				EDF050F31CC8286900D9EC55 /* MaskImageUITests.xctest */,
			);
			name = Products;
			sourceTree = "<group>";
		};
		EDF050D61CC8286900D9EC55 /* MaskImage */ = {
			isa = PBXGroup;
			children = (
				EDF050D71CC8286900D9EC55 /* AppDelegate.swift */,
				EDF050D91CC8286900D9EC55 /* ViewController.swift */,
				EDF050DB1CC8286900D9EC55 /* Main.storyboard */,
				EDF050DE1CC8286900D9EC55 /* Assets.xcassets */,
				EDF050E01CC8286900D9EC55 /* LaunchScreen.storyboard */,
				EDF050E31CC8286900D9EC55 /* Info.plist */,
			);
			path = MaskImage;
			sourceTree = "<group>";
		};
		EDF050EB1CC8286900D9EC55 /* MaskImageTests */ = {
			isa = PBXGroup;
			children = (
				EDF050EC1CC8286900D9EC55 /* MaskImageTests.swift */,
				EDF050EE1CC8286900D9EC55 /* Info.plist */,
			);
			path = MaskImageTests;
			sourceTree = "<group>";
		};
		EDF050F61CC8286900D9EC55 /* MaskImageUITests */ = {
			isa = PBXGroup;
			children = (
				EDF050F71CC8286900D9EC55 /* MaskImageUITests.swift */,
				EDF050F91CC8286900D9EC55 /* Info.plist */,
			);
			path = MaskImageUITests;
			sourceTree = "<group>";
		};
/* End PBXGroup section */

/* Begin PBXNativeTarget section */
		EDF050D31CC8286800D9EC55 /* MaskImage */ = {
			isa = PBXNativeTarget;
			buildConfigurationList = EDF050FC1CC8286900D9EC55 /* Build configuration list for PBXNativeTarget "MaskImage" */;
			buildPhases = (
				EDF050D01CC8286800D9EC55 /* Sources */,
				EDF050D11CC8286800D9EC55 /* Frameworks */,
				EDF050D21CC8286800D9EC55 /* Resources */,
			);
			buildRules = (
			);
			dependencies = (
			);
			name = MaskImage;
			productName = MaskImage;
			productReference = EDF050D41CC8286800D9EC55 /* MaskImage.app */;
			productType = "com.apple.product-type.application";
		};
		EDF050E71CC8286900D9EC55 /* MaskImageTests */ = {
			isa = PBXNativeTarget;
			buildConfigurationList = EDF050FF1CC8286900D9EC55 /* Build configuration list for PBXNativeTarget "MaskImageTests" */;
			buildPhases = (
				EDF050E41CC8286900D9EC55 /* Sources */,
				EDF050E51CC8286900D9EC55 /* Frameworks */,
				EDF050E61CC8286900D9EC55 /* Resources */,
			);
			buildRules = (
			);
			dependencies = (
				EDF050EA1CC8286900D9EC55 /* PBXTargetDependency */,
			);
			name = MaskImageTests;
			productName = MaskImageTests;
			productReference = EDF050E81CC8286900D9EC55 /* MaskImageTests.xctest */;
			productType = "com.apple.product-type.bundle.unit-test";
		};
		EDF050F21CC8286900D9EC55 /* MaskImageUITests */ = {
			isa = PBXNativeTarget;
			buildConfigurationList = EDF051021CC8286900D9EC55 /* Build configuration list for PBXNativeTarget "MaskImageUITests" */;
			buildPhases = (
				EDF050EF1CC8286900D9EC55 /* Sources */,
				EDF050F01CC8286900D9EC55 /* Frameworks */,
				EDF050F11CC8286900D9EC55 /* Resources */,
			);
			buildRules = (
			);
			dependencies = (
				EDF050F51CC8286900D9EC55 /* PBXTargetDependency */,
			);
			name = MaskImageUITests;
			productName = MaskImageUITests;
			productReference = EDF050F31CC8286900D9EC55 /* MaskImageUITests.xctest */;
			productType = "com.apple.product-type.bundle.ui-testing";
		};
/* End PBXNativeTarget section */

/* Begin PBXProject section */
		EDF050CC1CC8286800D9EC55 /* Project object */ = {
			isa = PBXProject;
			attributes = {
				LastSwiftUpdateCheck = 0730;
				LastUpgradeCheck = 0730;
				ORGANIZATIONNAME = "Gabrielle Miller-Messner";
				TargetAttributes = {
					EDF050D31CC8286800D9EC55 = {
						CreatedOnToolsVersion = 7.3;
					};
					EDF050E71CC8286900D9EC55 = {
						CreatedOnToolsVersion = 7.3;
						TestTargetID = EDF050D31CC8286800D9EC55;
					};
					EDF050F21CC8286900D9EC55 = {
						CreatedOnToolsVersion = 7.3;
						TestTargetID = EDF050D31CC8286800D9EC55;
					};
				};
			};
			buildConfigurationList = EDF050CF1CC8286800D9EC55 /* Build configuration list for PBXProject "MaskImage" */;
			compatibilityVersion = "Xcode 3.2";
			developmentRegion = English;
			hasScannedForEncodings = 0;
			knownRegions = (
				en,
				Base,
			);
			mainGroup = EDF050CB1CC8286800D9EC55;
			productRefGroup = EDF050D51CC8286800D9EC55 /* Products */;
			projectDirPath = "";
			projectRoot = "";
			targets = (
				EDF050D31CC8286800D9EC55 /* MaskImage */,
				EDF050E71CC8286900D9EC55 /* MaskImageTests */,
				EDF050F21CC8286900D9EC55 /* MaskImageUITests */,
			);
		};
/* End PBXProject section */

/* Begin PBXResourcesBuildPhase section */
		EDF050D21CC8286800D9EC55 /* Resources */ = {
			isa = PBXResourcesBuildPhase;
			buildActionMask = 2147483647;
			files = (
				EDF050E21CC8286900D9EC55 /* LaunchScreen.storyboard in Resources */,
				EDF050DF1CC8286900D9EC55 /* Assets.xcassets in Resources */,
				EDF050DD1CC8286900D9EC55 /* Main.storyboard in Resources */,
			);
			runOnlyForDeploymentPostprocessing = 0;
		};
		EDF050E61CC8286900D9EC55 /* Resources */ = {
			isa = PBXResourcesBuildPhase;
			buildActionMask = 2147483647;
			files = (
			);
			runOnlyForDeploymentPostprocessing = 0;
		};
		EDF050F11CC8286900D9EC55 /* Resources */ = {
			isa = PBXResourcesBuildPhase;
			buildActionMask = 2147483647;
			files = (
			);
			runOnlyForDeploymentPostprocessing = 0;
		};
/* End PBXResourcesBuildPhase section */

/* Begin PBXSourcesBuildPhase section */
		EDF050D01CC8286800D9EC55 /* Sources */ = {
			isa = PBXSourcesBuildPhase;
			buildActionMask = 2147483647;
			files = (
				EDF050DA1CC8286900D9EC55 /* ViewController.swift in Sources */,
				EDF050D81CC8286900D9EC55 /* AppDelegate.swift in Sources */,
			);
			runOnlyForDeploymentPostprocessing = 0;
		};
		EDF050E41CC8286900D9EC55 /* Sources */ = {
			isa = PBXSourcesBuildPhase;
			buildActionMask = 2147483647;
			files = (
				EDF050ED1CC8286900D9EC55 /* MaskImageTests.swift in Sources */,
			);
			runOnlyForDeploymentPostprocessing = 0;
		};
		EDF050EF1CC8286900D9EC55 /* Sources */ = {
			isa = PBXSourcesBuildPhase;
			buildActionMask = 2147483647;
			files = (
				EDF050F81CC8286900D9EC55 /* MaskImageUITests.swift in Sources */,
			);
			runOnlyForDeploymentPostprocessing = 0;
		};
/* End PBXSourcesBuildPhase section */

/* Begin PBXTargetDependency section */
		EDF050EA1CC8286900D9EC55 /* PBXTargetDependency */ = {
			isa = PBXTargetDependency;
			target = EDF050D31CC8286800D9EC55 /* MaskImage */;
			targetProxy = EDF050E91CC8286900D9EC55 /* PBXContainerItemProxy */;
		};
		EDF050F51CC8286900D9EC55 /* PBXTargetDependency */ = {
			isa = PBXTargetDependency;
			target = EDF050D31CC8286800D9EC55 /* MaskImage */;
			targetProxy = EDF050F41CC8286900D9EC55 /* PBXContainerItemProxy */;
		};
/* End PBXTargetDependency section */

/* Begin PBXVariantGroup section */
		EDF050DB1CC8286900D9EC55 /* Main.storyboard */ = {
			isa = PBXVariantGroup;
			children = (
				EDF050DC1CC8286900D9EC55 /* Base */,
			);
			name = Main.storyboard;
			sourceTree = "<group>";
		};
		EDF050E01CC8286900D9EC55 /* LaunchScreen.storyboard */ = {
			isa = PBXVariantGroup;
			children = (
				EDF050E11CC8286900D9EC55 /* Base */,
			);
			name = LaunchScreen.storyboard;
			sourceTree = "<group>";
		};
/* End PBXVariantGroup section */

/* Begin XCBuildConfiguration section */
		EDF050FA1CC8286900D9EC55 /* Debug */ = {
			isa = XCBuildConfiguration;
			buildSettings = {
				ALWAYS_SEARCH_USER_PATHS = NO;
				CLANG_ANALYZER_NONNULL = YES;
				CLANG_CXX_LANGUAGE_STANDARD = "gnu++0x";
				CLANG_CXX_LIBRARY = "libc++";
				CLANG_ENABLE_MODULES = YES;
				CLANG_ENABLE_OBJC_ARC = YES;
				CLANG_WARN_BOOL_CONVERSION = YES;
				CLANG_WARN_CONSTANT_CONVERSION = YES;
				CLANG_WARN_DIRECT_OBJC_ISA_USAGE = YES_ERROR;
				CLANG_WARN_EMPTY_BODY = YES;
				CLANG_WARN_ENUM_CONVERSION = YES;
				CLANG_WARN_INT_CONVERSION = YES;
				CLANG_WARN_OBJC_ROOT_CLASS = YES_ERROR;
				CLANG_WARN_UNREACHABLE_CODE = YES;
				CLANG_WARN__DUPLICATE_METHOD_MATCH = YES;
				"CODE_SIGN_IDENTITY[sdk=iphoneos*]" = "iPhone Developer";
				COPY_PHASE_STRIP = NO;
				DEBUG_INFORMATION_FORMAT = dwarf;
				ENABLE_STRICT_OBJC_MSGSEND = YES;
				ENABLE_TESTABILITY = YES;
				GCC_C_LANGUAGE_STANDARD = gnu99;
				GCC_DYNAMIC_NO_PIC = NO;
				GCC_NO_COMMON_BLOCKS = YES;
				GCC_OPTIMIZATION_LEVEL = 0;
				GCC_PREPROCESSOR_DEFINITIONS = (
					"DEBUG=1",
					"$(inherited)",
				);
				GCC_WARN_64_TO_32_BIT_CONVERSION = YES;
				GCC_WARN_ABOUT_RETURN_TYPE = YES_ERROR;
				GCC_WARN_UNDECLARED_SELECTOR = YES;
				GCC_WARN_UNINITIALIZED_AUTOS = YES_AGGRESSIVE;
				GCC_WARN_UNUSED_FUNCTION = YES;
				GCC_WARN_UNUSED_VARIABLE = YES;
				IPHONEOS_DEPLOYMENT_TARGET = 9.3;
				MTL_ENABLE_DEBUG_INFO = YES;
				ONLY_ACTIVE_ARCH = YES;
				SDKROOT = iphoneos;
				SWIFT_OPTIMIZATION_LEVEL = "-Onone";
			};
			name = Debug;
		};
		EDF050FB1CC8286900D9EC55 /* Release */ = {
			isa = XCBuildConfiguration;
			buildSettings = {
				ALWAYS_SEARCH_USER_PATHS = NO;
				CLANG_ANALYZER_NONNULL = YES;
				CLANG_CXX_LANGUAGE_STANDARD = "gnu++0x";
				CLANG_CXX_LIBRARY = "libc++";
				CLANG_ENABLE_MODULES = YES;
				CLANG_ENABLE_OBJC_ARC = YES;
				CLANG_WARN_BOOL_CONVERSION = YES;
				CLANG_WARN_CONSTANT_CONVERSION = YES;
				CLANG_WARN_DIRECT_OBJC_ISA_USAGE = YES_ERROR;
				CLANG_WARN_EMPTY_BODY = YES;
				CLANG_WARN_ENUM_CONVERSION = YES;
				CLANG_WARN_INT_CONVERSION = YES;
				CLANG_WARN_OBJC_ROOT_CLASS = YES_ERROR;
				CLANG_WARN_UNREACHABLE_CODE = YES;
				CLANG_WARN__DUPLICATE_METHOD_MATCH = YES;
				"CODE_SIGN_IDENTITY[sdk=iphoneos*]" = "iPhone Developer";
				COPY_PHASE_STRIP = NO;
				DEBUG_INFORMATION_FORMAT = "dwarf-with-dsym";
				ENABLE_NS_ASSERTIONS = NO;
				ENABLE_STRICT_OBJC_MSGSEND = YES;
				GCC_C_LANGUAGE_STANDARD = gnu99;
				GCC_NO_COMMON_BLOCKS = YES;
				GCC_WARN_64_TO_32_BIT_CONVERSION = YES;
				GCC_WARN_ABOUT_RETURN_TYPE = YES_ERROR;
				GCC_WARN_UNDECLARED_SELECTOR = YES;
				GCC_WARN_UNINITIALIZED_AUTOS = YES_AGGRESSIVE;
				GCC_WARN_UNUSED_FUNCTION = YES;
				GCC_WARN_UNUSED_VARIABLE = YES;
				IPHONEOS_DEPLOYMENT_TARGET = 9.3;
				MTL_ENABLE_DEBUG_INFO = NO;
				SDKROOT = iphoneos;
				VALIDATE_PRODUCT = YES;
			};
			name = Release;
		};
		EDF050FD1CC8286900D9EC55 /* Debug */ = {
			isa = XCBuildConfiguration;
			buildSettings = {
				ASSETCATALOG_COMPILER_APPICON_NAME = AppIcon;
				INFOPLIST_FILE = MaskImage/Info.plist;
				LD_RUNPATH_SEARCH_PATHS = "$(inherited) @executable_path/Frameworks";
				PRODUCT_BUNDLE_IDENTIFIER = Udacity.MaskImage;
				PRODUCT_NAME = "$(TARGET_NAME)";
			};
			name = Debug;
		};
		EDF050FE1CC8286900D9EC55 /* Release */ = {
			isa = XCBuildConfiguration;
			buildSettings = {
				ASSETCATALOG_COMPILER_APPICON_NAME = AppIcon;
				INFOPLIST_FILE = MaskImage/Info.plist;
				LD_RUNPATH_SEARCH_PATHS = "$(inherited) @executable_path/Frameworks";
				PRODUCT_BUNDLE_IDENTIFIER = Udacity.MaskImage;
				PRODUCT_NAME = "$(TARGET_NAME)";
			};
			name = Release;
		};
		EDF051001CC8286900D9EC55 /* Debug */ = {
			isa = XCBuildConfiguration;
			buildSettings = {
				BUNDLE_LOADER = "$(TEST_HOST)";
				INFOPLIST_FILE = MaskImageTests/Info.plist;
				LD_RUNPATH_SEARCH_PATHS = "$(inherited) @executable_path/Frameworks @loader_path/Frameworks";
				PRODUCT_BUNDLE_IDENTIFIER = Udacity.MaskImageTests;
				PRODUCT_NAME = "$(TARGET_NAME)";
				TEST_HOST = "$(BUILT_PRODUCTS_DIR)/MaskImage.app/MaskImage";
			};
			name = Debug;
		};
		EDF051011CC8286900D9EC55 /* Release */ = {
			isa = XCBuildConfiguration;
			buildSettings = {
				BUNDLE_LOADER = "$(TEST_HOST)";
				INFOPLIST_FILE = MaskImageTests/Info.plist;
				LD_RUNPATH_SEARCH_PATHS = "$(inherited) @executable_path/Frameworks @loader_path/Frameworks";
				PRODUCT_BUNDLE_IDENTIFIER = Udacity.MaskImageTests;
				PRODUCT_NAME = "$(TARGET_NAME)";
				TEST_HOST = "$(BUILT_PRODUCTS_DIR)/MaskImage.app/MaskImage";
			};
			name = Release;
		};
		EDF051031CC8286900D9EC55 /* Debug */ = {
			isa = XCBuildConfiguration;
			buildSettings = {
				INFOPLIST_FILE = MaskImageUITests/Info.plist;
				LD_RUNPATH_SEARCH_PATHS = "$(inherited) @executable_path/Frameworks @loader_path/Frameworks";
				PRODUCT_BUNDLE_IDENTIFIER = Udacity.MaskImageUITests;
				PRODUCT_NAME = "$(TARGET_NAME)";
				TEST_TARGET_NAME = MaskImage;
			};
			name = Debug;
		};
		EDF051041CC8286900D9EC55 /* Release */ = {
			isa = XCBuildConfiguration;
			buildSettings = {
				INFOPLIST_FILE = MaskImageUITests/Info.plist;
				LD_RUNPATH_SEARCH_PATHS = "$(inherited) @executable_path/Frameworks @loader_path/Frameworks";
				PRODUCT_BUNDLE_IDENTIFIER = Udacity.MaskImageUITests;
				PRODUCT_NAME = "$(TARGET_NAME)";
				TEST_TARGET_NAME = MaskImage;
			};
			name = Release;
		};
/* End XCBuildConfiguration section */

/* Begin XCConfigurationList section */
		EDF050CF1CC8286800D9EC55 /* Build configuration list for PBXProject "MaskImage" */ = {
			isa = XCConfigurationList;
			buildConfigurations = (
				EDF050FA1CC8286900D9EC55 /* Debug */,
				EDF050FB1CC8286900D9EC55 /* Release */,
			);
			defaultConfigurationIsVisible = 0;
			defaultConfigurationName = Release;
		};
		EDF050FC1CC8286900D9EC55 /* Build configuration list for PBXNativeTarget "MaskImage" */ = {
			isa = XCConfigurationList;
			buildConfigurations = (
				EDF050FD1CC8286900D9EC55 /* Debug */,
				EDF050FE1CC8286900D9EC55 /* Release */,
			);
			defaultConfigurationIsVisible = 0;
		};
		EDF050FF1CC8286900D9EC55 /* Build configuration list for PBXNativeTarget "MaskImageTests" */ = {
			isa = XCConfigurationList;
			buildConfigurations = (
				EDF051001CC8286900D9EC55 /* Debug */,
				EDF051011CC8286900D9EC55 /* Release */,
			);
			defaultConfigurationIsVisible = 0;
		};
		EDF051021CC8286900D9EC55 /* Build configuration list for PBXNativeTarget "MaskImageUITests" */ = {
			isa = XCConfigurationList;
			buildConfigurations = (
				EDF051031CC8286900D9EC55 /* Debug */,
				EDF051041CC8286900D9EC55 /* Release */,
			);
			defaultConfigurationIsVisible = 0;
		};
/* End XCConfigurationList section */
	};
	rootObject = EDF050CC1CC8286800D9EC55 /* Project object */;
}
